
Microsoft Visual Studio Solution File, Format Version 12.00
# Visual Studio Version 17
VisualStudioVersion = 17.14.36518.9
MinimumVisualStudioVersion = 10.0.40219.1
Project("{2150E333-8FDC-42A3-9474-1A3956D46DE8}") = "src", "src", "{827E0CD3-B72D-47B6-A68D-7590B98EB39B}"
EndProject
Project("{FAE04EC0-301F-11D3-BF4B-00C04F79EFBC}") = "Omni", "src\Omni\Omni.csproj", "{5C0A6A6C-9108-4ADF-BEC5-26EA33FAC3B0}"
EndProject
Project("{FAE04EC0-301F-11D3-BF4B-00C04F79EFBC}") = "Omni.Tests", "tests\Omni.Tests\Omni.Tests.csproj", "{64965128-5BF6-4FF4-A64F-86F9D7F80C68}"
EndProject
Global
	GlobalSection(SolutionConfigurationPlatforms) = preSolution
		Debug|Any CPU = Debug|Any CPU
		Debug|x64 = Debug|x64
		Debug|x86 = Debug|x86
		Release|Any CPU = Release|Any CPU
		Release|x64 = Release|x64
		Release|x86 = Release|x86
	EndGlobalSection
	GlobalSection(ProjectConfigurationPlatforms) = postSolution
		{5C0A6A6C-9108-4ADF-BEC5-26EA33FAC3B0}.Debug|Any CPU.ActiveCfg = Debug|Any CPU
		{5C0A6A6C-9108-4ADF-BEC5-26EA33FAC3B0}.Debug|Any CPU.Build.0 = Debug|Any CPU
		{5C0A6A6C-9108-4ADF-BEC5-26EA33FAC3B0}.Debug|x64.ActiveCfg = Debug|Any CPU
		{5C0A6A6C-9108-4ADF-BEC5-26EA33FAC3B0}.Debug|x64.Build.0 = Debug|Any CPU
		{5C0A6A6C-9108-4ADF-BEC5-26EA33FAC3B0}.Debug|x86.ActiveCfg = Debug|Any CPU
		{5C0A6A6C-9108-4ADF-BEC5-26EA33FAC3B0}.Debug|x86.Build.0 = Debug|Any CPU
		{5C0A6A6C-9108-4ADF-BEC5-26EA33FAC3B0}.Release|Any CPU.ActiveCfg = Release|Any CPU
		{5C0A6A6C-9108-4ADF-BEC5-26EA33FAC3B0}.Release|Any CPU.Build.0 = Release|Any CPU
		{5C0A6A6C-9108-4ADF-BEC5-26EA33FAC3B0}.Release|x64.ActiveCfg = Release|Any CPU
		{5C0A6A6C-9108-4ADF-BEC5-26EA33FAC3B0}.Release|x64.Build.0 = Release|Any CPU
		{5C0A6A6C-9108-4ADF-BEC5-26EA33FAC3B0}.Release|x86.ActiveCfg = Release|Any CPU
		{5C0A6A6C-9108-4ADF-BEC5-26EA33FAC3B0}.Release|x86.Build.0 = Release|Any CPU
		{64965128-5BF6-4FF4-A64F-86F9D7F80C68}.Debug|Any CPU.ActiveCfg = Debug|Any CPU
		{64965128-5BF6-4FF4-A64F-86F9D7F80C68}.Debug|Any CPU.Build.0 = Debug|Any CPU
		{64965128-5BF6-4FF4-A64F-86F9D7F80C68}.Debug|x64.ActiveCfg = Debug|Any CPU
		{64965128-5BF6-4FF4-A64F-86F9D7F80C68}.Debug|x64.Build.0 = Debug|Any CPU
		{64965128-5BF6-4FF4-A64F-86F9D7F80C68}.Debug|x86.ActiveCfg = Debug|Any CPU
		{64965128-5BF6-4FF4-A64F-86F9D7F80C68}.Debug|x86.Build.0 = Debug|Any CPU
		{64965128-5BF6-4FF4-A64F-86F9D7F80C68}.Release|Any CPU.ActiveCfg = Release|Any CPU
		{64965128-5BF6-4FF4-A64F-86F9D7F80C68}.Release|Any CPU.Build.0 = Release|Any CPU
		{64965128-5BF6-4FF4-A64F-86F9D7F80C68}.Release|x64.ActiveCfg = Release|Any CPU
		{64965128-5BF6-4FF4-A64F-86F9D7F80C68}.Release|x64.Build.0 = Release|Any CPU
		{64965128-5BF6-4FF4-A64F-86F9D7F80C68}.Release|x86.ActiveCfg = Release|Any CPU
		{64965128-5BF6-4FF4-A64F-86F9D7F80C68}.Release|x86.Build.0 = Release|Any CPU
	EndGlobalSection
	GlobalSection(SolutionProperties) = preSolution
		HideSolutionNode = FALSE
	EndGlobalSection
	GlobalSection(NestedProjects) = preSolution
		{5C0A6A6C-9108-4ADF-BEC5-26EA33FAC3B0} = {827E0CD3-B72D-47B6-A68D-7590B98EB39B}
	EndGlobalSection
	GlobalSection(ExtensibilityGlobals) = postSolution
		SolutionGuid = {D3413358-B985-4FB0-9B64-13DA060D1178}
	EndGlobalSection
EndGlobal
